
Microsoft Visual Studio Solution File, Format Version 12.00
Project("{FAE04EC0-301F-11D3-BF4B-00C04F79EFBC}") = "BankingSystemApp", "BankingSystemApp\BankingSystemApp.csproj", "{8B7EFE66-985F-428B-89F2-8B1178237518}"
EndProject
Global
	GlobalSection(SolutionConfigurationPlatforms) = preSolution
		Debug|Any CPU = Debug|Any CPU
		Release|Any CPU = Release|Any CPU
	EndGlobalSection
	GlobalSection(ProjectConfigurationPlatforms) = postSolution
		{8B7EFE66-985F-428B-89F2-8B1178237518}.Debug|Any CPU.ActiveCfg = Debug|Any CPU
		{8B7EFE66-985F-428B-89F2-8B1178237518}.Debug|Any CPU.Build.0 = Debug|Any CPU
		{8B7EFE66-985F-428B-89F2-8B1178237518}.Release|Any CPU.ActiveCfg = Release|Any CPU
		{8B7EFE66-985F-428B-89F2-8B1178237518}.Release|Any CPU.Build.0 = Release|Any CPU
	EndGlobalSection
EndGlobal
